
Microsoft Visual Studio Solution File, Format Version 12.00
# Visual Studio Version 17
VisualStudioVersion = 17.4.33213.308
MinimumVisualStudioVersion = 10.0.40219.1
Project("{9A19103F-16F7-4668-BE54-9A1E7A4F7556}") = "OnlyShare", "OnlyShare.csproj", "{88A34AB6-6B6E-41F9-A208-99CEEA8C5001}"
EndProject
Global
	GlobalSection(SolutionConfigurationPlatforms) = preSolution
		Debug|Any CPU = Debug|Any CPU
		Release|Any CPU = Release|Any CPU
	EndGlobalSection
	GlobalSection(ProjectConfigurationPlatforms) = postSolution
		{88A34AB6-6B6E-41F9-A208-99CEEA8C5001}.Debug|Any CPU.ActiveCfg = Debug|Any CPU
		{88A34AB6-6B6E-41F9-A208-99CEEA8C5001}.Debug|Any CPU.Build.0 = Debug|Any CPU
		{88A34AB6-6B6E-41F9-A208-99CEEA8C5001}.Release|Any CPU.ActiveCfg = Release|Any CPU
		{88A34AB6-6B6E-41F9-A208-99CEEA8C5001}.Release|Any CPU.Build.0 = Release|Any CPU
	EndGlobalSection
	GlobalSection(SolutionProperties) = preSolution
		HideSolutionNode = FALSE
	EndGlobalSection
	GlobalSection(ExtensibilityGlobals) = postSolution
		SolutionGuid = {52400311-7D2A-47A1-9D2D-9C51323CF9C4}
	EndGlobalSection
EndGlobal
